
Microsoft Visual Studio Solution File, Format Version 12.00
# Visual Studio Version 16
VisualStudioVersion = 16.0.30011.22
MinimumVisualStudioVersion = 10.0.40219.1
Project("{FAE04EC0-301F-11D3-BF4B-00C04F79EFBC}") = "Spyzer", "Spyzer\Spyzer.csproj", "{4D017E57-1313-4465-BC98-263E757FDE21}"
EndProject
Global
	GlobalSection(SolutionConfigurationPlatforms) = preSolution
		Debug|Any CPU = Debug|Any CPU
		Release|Any CPU = Release|Any CPU
	EndGlobalSection
	GlobalSection(ProjectConfigurationPlatforms) = postSolution
		{4D017E57-1313-4465-BC98-263E757FDE21}.Debug|Any CPU.ActiveCfg = Debug|Any CPU
		{4D017E57-1313-4465-BC98-263E757FDE21}.Debug|Any CPU.Build.0 = Debug|Any CPU
		{4D017E57-1313-4465-BC98-263E757FDE21}.Release|Any CPU.ActiveCfg = Release|Any CPU
		{4D017E57-1313-4465-BC98-263E757FDE21}.Release|Any CPU.Build.0 = Release|Any CPU
	EndGlobalSection
	GlobalSection(SolutionProperties) = preSolution
		HideSolutionNode = FALSE
	EndGlobalSection
	GlobalSection(ExtensibilityGlobals) = postSolution
		SolutionGuid = {E811CAE2-39CF-4369-B14C-B210079308F2}
	EndGlobalSection
EndGlobal
